<Solution>
  <Project Path="KalolCommunity.Api/KalolCommunity.Api.csproj" />
  <Project Path="KalolCommunity.Application/KalolCommunity.Application.csproj" Id="e68a2c44-944c-438e-a5d7-397b86c991ef" />
  <Project Path="KalolCommunity.Contracts/KalolCommunity.Contracts.csproj" Id="daeb876e-22b1-4fdd-805f-6170076a178a" />
  <Project Path="KalolCommunity.Domain/KalolCommunity.Domain.csproj" Id="34ef6973-bc30-4c52-b819-f747af8eb434" />
  <Project Path="KalolCommunity.Infrastructure/KalolCommunity.Infrastructure.csproj" Id="5f560684-7d2a-425b-8cb3-fb2e0c4c0cc5" />
  <Project Path="KalolCommunity.NotificationWorker/KalolCommunity.NotificationWorker.csproj" Id="aa8f9fe0-35bb-4d58-b819-fd0d74a3a594" />
</Solution>
